
Microsoft Visual Studio Solution File, Format Version 12.00
# Visual Studio Version 17
VisualStudioVersion = 17.2.32516.85
MinimumVisualStudioVersion = 10.0.40219.1
Project("{FAE04EC0-301F-11D3-BF4B-00C04F79EFBC}") = "HelloWorld", "HelloWorld\HelloWorld.csproj", "{D9B5A80B-12D8-4148-B326-A8852D777658}"
EndProject
Global
	GlobalSection(SolutionConfigurationPlatforms) = preSolution
		Debug|Any CPU = Debug|Any CPU
		Release|Any CPU = Release|Any CPU
	EndGlobalSection
	GlobalSection(ProjectConfigurationPlatforms) = postSolution
		{D9B5A80B-12D8-4148-B326-A8852D777658}.Debug|Any CPU.ActiveCfg = Debug|Any CPU
		{D9B5A80B-12D8-4148-B326-A8852D777658}.Debug|Any CPU.Build.0 = Debug|Any CPU
		{D9B5A80B-12D8-4148-B326-A8852D777658}.Release|Any CPU.ActiveCfg = Release|Any CPU
		{D9B5A80B-12D8-4148-B326-A8852D777658}.Release|Any CPU.Build.0 = Release|Any CPU
	EndGlobalSection
	GlobalSection(SolutionProperties) = preSolution
		HideSolutionNode = FALSE
	EndGlobalSection
	GlobalSection(ExtensibilityGlobals) = postSolution
		SolutionGuid = {44973B48-D244-47EE-86EC-C5520BC839BF}
	EndGlobalSection
EndGlobal
